
Microsoft Visual Studio Solution File, Format Version 12.00
# Visual Studio Version 17
VisualStudioVersion = 17.0.31903.59
MinimumVisualStudioVersion = 10.0.40219.1
Project("{888888A0-9F3D-457C-B088-3A5042F75D52}") = "BlogApp", "BlogApp.pyproj", "{AFCF6D87-7A9E-474F-928C-8025CCB6598A}"
EndProject
Global
	GlobalSection(SolutionConfigurationPlatforms) = preSolution
		Debug|Any CPU = Debug|Any CPU
		Release|Any CPU = Release|Any CPU
	EndGlobalSection
	GlobalSection(ProjectConfigurationPlatforms) = postSolution
		{AFCF6D87-7A9E-474F-928C-8025CCB6598A}.Debug|Any CPU.ActiveCfg = Debug|Any CPU
		{AFCF6D87-7A9E-474F-928C-8025CCB6598A}.Debug|Any CPU.Build.0 = Debug|Any CPU
		{AFCF6D87-7A9E-474F-928C-8025CCB6598A}.Release|Any CPU.ActiveCfg = Release|Any CPU
		{AFCF6D87-7A9E-474F-928C-8025CCB6598A}.Release|Any CPU.Build.0 = Release|Any CPU
	EndGlobalSection
	GlobalSection(SolutionProperties) = preSolution
		HideSolutionNode = FALSE
	EndGlobalSection
	GlobalSection(ExtensibilityGlobals) = postSolution
		SolutionGuid = {DCB3E2C8-F50B-4579-86AC-802ED902CCE5}
	EndGlobalSection
EndGlobal
